
Microsoft Visual Studio Solution File, Format Version 12.00
# Visual Studio Version 17
VisualStudioVersion = 17.3.32825.248
MinimumVisualStudioVersion = 10.0.40219.1
Project("{9A19103F-16F7-4668-BE54-9A1E7A4F7556}") = "tarik-kt-43-21", "tarik-kt-43-21.csproj", "{A938D97B-8FFD-434E-922C-B21203AAB18B}"
EndProject
Global
	GlobalSection(SolutionConfigurationPlatforms) = preSolution
		Debug|Any CPU = Debug|Any CPU
		Release|Any CPU = Release|Any CPU
	EndGlobalSection
	GlobalSection(ProjectConfigurationPlatforms) = postSolution
		{A938D97B-8FFD-434E-922C-B21203AAB18B}.Debug|Any CPU.ActiveCfg = Debug|Any CPU
		{A938D97B-8FFD-434E-922C-B21203AAB18B}.Debug|Any CPU.Build.0 = Debug|Any CPU
		{A938D97B-8FFD-434E-922C-B21203AAB18B}.Release|Any CPU.ActiveCfg = Release|Any CPU
		{A938D97B-8FFD-434E-922C-B21203AAB18B}.Release|Any CPU.Build.0 = Release|Any CPU
	EndGlobalSection
	GlobalSection(SolutionProperties) = preSolution
		HideSolutionNode = FALSE
	EndGlobalSection
	GlobalSection(ExtensibilityGlobals) = postSolution
		SolutionGuid = {FF8F6D2F-C052-478E-9C50-776E4B9F4016}
	EndGlobalSection
EndGlobal
